// !$*UTF8*$!
{
	archiveVersion = 1;
	classes = {
	};
	objectVersion = 56;
	objects = {

/* Begin PBXBuildFile section */
		CAAE710F2B47F0E600FCA756 /* AppDelegate.swift in Sources */ = {isa = PBXBuildFile; fileRef = CAAE710E2B47F0E600FCA756 /* AppDelegate.swift */; };
		CAAE71112B47F0E600FCA756 /* SceneDelegate.swift in Sources */ = {isa = PBXBuildFile; fileRef = CAAE71102B47F0E600FCA756 /* SceneDelegate.swift */; };
		CAAE71132B47F0E600FCA756 /* ViewController.swift in Sources */ = {isa = PBXBuildFile; fileRef = CAAE71122B47F0E600FCA756 /* ViewController.swift */; };
		CAAE71162B47F0E600FCA756 /* Main.storyboard in Resources */ = {isa = PBXBuildFile; fileRef = CAAE71142B47F0E600FCA756 /* Main.storyboard */; };
		CAAE71182B47F0E700FCA756 /* Assets.xcassets in Resources */ = {isa = PBXBuildFile; fileRef = CAAE71172B47F0E700FCA756 /* Assets.xcassets */; };
		CAAE711B2B47F0E700FCA756 /* LaunchScreen.storyboard in Resources */ = {isa = PBXBuildFile; fileRef = CAAE71192B47F0E700FCA756 /* LaunchScreen.storyboard */; };
		CAAE71262B47F0E700FCA756 /* GoCart_poc1Tests.swift in Sources */ = {isa = PBXBuildFile; fileRef = CAAE71252B47F0E700FCA756 /* GoCart_poc1Tests.swift */; };
		CAAE71302B47F0E800FCA756 /* GoCart_poc1UITests.swift in Sources */ = {isa = PBXBuildFile; fileRef = CAAE712F2B47F0E800FCA756 /* GoCart_poc1UITests.swift */; };
		CAAE71322B47F0E800FCA756 /* GoCart_poc1UITestsLaunchTests.swift in Sources */ = {isa = PBXBuildFile; fileRef = CAAE71312B47F0E800FCA756 /* GoCart_poc1UITestsLaunchTests.swift */; };
/* End PBXBuildFile section */

/* Begin PBXContainerItemProxy section */
		CAAE71222B47F0E700FCA756 /* PBXContainerItemProxy */ = {
			isa = PBXContainerItemProxy;
			containerPortal = CAAE71032B47F0E600FCA756 /* Project object */;
			proxyType = 1;
			remoteGlobalIDString = CAAE710A2B47F0E600FCA756;
			remoteInfo = "GoCart-poc1";
		};
		CAAE712C2B47F0E700FCA756 /* PBXContainerItemProxy */ = {
			isa = PBXContainerItemProxy;
			containerPortal = CAAE71032B47F0E600FCA756 /* Project object */;
			proxyType = 1;
			remoteGlobalIDString = CAAE710A2B47F0E600FCA756;
			remoteInfo = "GoCart-poc1";
		};
/* End PBXContainerItemProxy section */

/* Begin PBXFileReference section */
		CAAE710B2B47F0E600FCA756 /* GoCart-poc1.app */ = {isa = PBXFileReference; explicitFileType = wrapper.application; includeInIndex = 0; path = "GoCart-poc1.app"; sourceTree = BUILT_PRODUCTS_DIR; };
		CAAE710E2B47F0E600FCA756 /* AppDelegate.swift */ = {isa = PBXFileReference; lastKnownFileType = sourcecode.swift; path = AppDelegate.swift; sourceTree = "<group>"; };
		CAAE71102B47F0E600FCA756 /* SceneDelegate.swift */ = {isa = PBXFileReference; lastKnownFileType = sourcecode.swift; path = SceneDelegate.swift; sourceTree = "<group>"; };
		CAAE71122B47F0E600FCA756 /* ViewController.swift */ = {isa = PBXFileReference; lastKnownFileType = sourcecode.swift; path = ViewController.swift; sourceTree = "<group>"; };
		CAAE71152B47F0E600FCA756 /* Base */ = {isa = PBXFileReference; lastKnownFileType = file.storyboard; name = Base; path = Base.lproj/Main.storyboard; sourceTree = "<group>"; };
		CAAE71172B47F0E700FCA756 /* Assets.xcassets */ = {isa = PBXFileReference; lastKnownFileType = folder.assetcatalog; path = Assets.xcassets; sourceTree = "<group>"; };
		CAAE711A2B47F0E700FCA756 /* Base */ = {isa = PBXFileReference; lastKnownFileType = file.storyboard; name = Base; path = Base.lproj/LaunchScreen.storyboard; sourceTree = "<group>"; };
		CAAE711C2B47F0E700FCA756 /* Info.plist */ = {isa = PBXFileReference; lastKnownFileType = text.plist.xml; path = Info.plist; sourceTree = "<group>"; };
		CAAE71212B47F0E700FCA756 /* GoCart-poc1Tests.xctest */ = {isa = PBXFileReference; explicitFileType = wrapper.cfbundle; includeInIndex = 0; path = "GoCart-poc1Tests.xctest"; sourceTree = BUILT_PRODUCTS_DIR; };
		CAAE71252B47F0E700FCA756 /* GoCart_poc1Tests.swift */ = {isa = PBXFileReference; lastKnownFileType = sourcecode.swift; path = GoCart_poc1Tests.swift; sourceTree = "<group>"; };
		CAAE712B2B47F0E700FCA756 /* GoCart-poc1UITests.xctest */ = {isa = PBXFileReference; explicitFileType = wrapper.cfbundle; includeInIndex = 0; path = "GoCart-poc1UITests.xctest"; sourceTree = BUILT_PRODUCTS_DIR; };
		CAAE712F2B47F0E800FCA756 /* GoCart_poc1UITests.swift */ = {isa = PBXFileReference; lastKnownFileType = sourcecode.swift; path = GoCart_poc1UITests.swift; sourceTree = "<group>"; };
		CAAE71312B47F0E800FCA756 /* GoCart_poc1UITestsLaunchTests.swift */ = {isa = PBXFileReference; lastKnownFileType = sourcecode.swift; path = GoCart_poc1UITestsLaunchTests.swift; sourceTree = "<group>"; };
/* End PBXFileReference section */

/* Begin PBXFrameworksBuildPhase section */
		CAAE71082B47F0E600FCA756 /* Frameworks */ = {
			isa = PBXFrameworksBuildPhase;
			buildActionMask = 2147483647;
			files = (
			);
			runOnlyForDeploymentPostprocessing = 0;
		};
		CAAE711E2B47F0E700FCA756 /* Frameworks */ = {
			isa = PBXFrameworksBuildPhase;
			buildActionMask = 2147483647;
			files = (
			);
			runOnlyForDeploymentPostprocessing = 0;
		};
		CAAE71282B47F0E700FCA756 /* Frameworks */ = {
			isa = PBXFrameworksBuildPhase;
			buildActionMask = 2147483647;
			files = (
			);
			runOnlyForDeploymentPostprocessing = 0;
		};
/* End PBXFrameworksBuildPhase section */

/* Begin PBXGroup section */
		CAAE71022B47F0E600FCA756 = {
			isa = PBXGroup;
			children = (
				CAAE710D2B47F0E600FCA756 /* GoCart-poc1 */,
				CAAE71242B47F0E700FCA756 /* GoCart-poc1Tests */,
				CAAE712E2B47F0E800FCA756 /* GoCart-poc1UITests */,
				CAAE710C2B47F0E600FCA756 /* Products */,
			);
			sourceTree = "<group>";
		};
		CAAE710C2B47F0E600FCA756 /* Products */ = {
			isa = PBXGroup;
			children = (
				CAAE710B2B47F0E600FCA756 /* GoCart-poc1.app */,
				CAAE71212B47F0E700FCA756 /* GoCart-poc1Tests.xctest */,
				CAAE712B2B47F0E700FCA756 /* GoCart-poc1UITests.xctest */,
			);
			name = Products;
			sourceTree = "<group>";
		};
		CAAE710D2B47F0E600FCA756 /* GoCart-poc1 */ = {
			isa = PBXGroup;
			children = (
				CAAE710E2B47F0E600FCA756 /* AppDelegate.swift */,
				CAAE71102B47F0E600FCA756 /* SceneDelegate.swift */,
				CAAE71122B47F0E600FCA756 /* ViewController.swift */,
				CAAE71142B47F0E600FCA756 /* Main.storyboard */,
				CAAE71172B47F0E700FCA756 /* Assets.xcassets */,
				CAAE71192B47F0E700FCA756 /* LaunchScreen.storyboard */,
				CAAE711C2B47F0E700FCA756 /* Info.plist */,
			);
			path = "GoCart-poc1";
			sourceTree = "<group>";
		};
		CAAE71242B47F0E700FCA756 /* GoCart-poc1Tests */ = {
			isa = PBXGroup;
			children = (
				CAAE71252B47F0E700FCA756 /* GoCart_poc1Tests.swift */,
			);
			path = "GoCart-poc1Tests";
			sourceTree = "<group>";
		};
		CAAE712E2B47F0E800FCA756 /* GoCart-poc1UITests */ = {
			isa = PBXGroup;
			children = (
				CAAE712F2B47F0E800FCA756 /* GoCart_poc1UITests.swift */,
				CAAE71312B47F0E800FCA756 /* GoCart_poc1UITestsLaunchTests.swift */,
			);
			path = "GoCart-poc1UITests";
			sourceTree = "<group>";
		};
/* End PBXGroup section */

/* Begin PBXNativeTarget section */
		CAAE710A2B47F0E600FCA756 /* GoCart-poc1 */ = {
			isa = PBXNativeTarget;
			buildConfigurationList = CAAE71352B47F0E800FCA756 /* Build configuration list for PBXNativeTarget "GoCart-poc1" */;
			buildPhases = (
				CAAE71072B47F0E600FCA756 /* Sources */,
				CAAE71082B47F0E600FCA756 /* Frameworks */,
				CAAE71092B47F0E600FCA756 /* Resources */,
			);
			buildRules = (
			);
			dependencies = (
			);
			name = "GoCart-poc1";
			productName = "GoCart-poc1";
			productReference = CAAE710B2B47F0E600FCA756 /* GoCart-poc1.app */;
			productType = "com.apple.product-type.application";
		};
		CAAE71202B47F0E700FCA756 /* GoCart-poc1Tests */ = {
			isa = PBXNativeTarget;
			buildConfigurationList = CAAE71382B47F0E800FCA756 /* Build configuration list for PBXNativeTarget "GoCart-poc1Tests" */;
			buildPhases = (
				CAAE711D2B47F0E700FCA756 /* Sources */,
				CAAE711E2B47F0E700FCA756 /* Frameworks */,
				CAAE711F2B47F0E700FCA756 /* Resources */,
			);
			buildRules = (
			);
			dependencies = (
				CAAE71232B47F0E700FCA756 /* PBXTargetDependency */,
			);
			name = "GoCart-poc1Tests";
			productName = "GoCart-poc1Tests";
			productReference = CAAE71212B47F0E700FCA756 /* GoCart-poc1Tests.xctest */;
			productType = "com.apple.product-type.bundle.unit-test";
		};
		CAAE712A2B47F0E700FCA756 /* GoCart-poc1UITests */ = {
			isa = PBXNativeTarget;
			buildConfigurationList = CAAE713B2B47F0E800FCA756 /* Build configuration list for PBXNativeTarget "GoCart-poc1UITests" */;
			buildPhases = (
				CAAE71272B47F0E700FCA756 /* Sources */,
				CAAE71282B47F0E700FCA756 /* Frameworks */,
				CAAE71292B47F0E700FCA756 /* Resources */,
			);
			buildRules = (
			);
			dependencies = (
				CAAE712D2B47F0E700FCA756 /* PBXTargetDependency */,
			);
			name = "GoCart-poc1UITests";
			productName = "GoCart-poc1UITests";
			productReference = CAAE712B2B47F0E700FCA756 /* GoCart-poc1UITests.xctest */;
			productType = "com.apple.product-type.bundle.ui-testing";
		};
/* End PBXNativeTarget section */

/* Begin PBXProject section */
		CAAE71032B47F0E600FCA756 /* Project object */ = {
			isa = PBXProject;
			attributes = {
				BuildIndependentTargetsInParallel = 1;
				LastSwiftUpdateCheck = 1510;
				LastUpgradeCheck = 1510;
				TargetAttributes = {
					CAAE710A2B47F0E600FCA756 = {
						CreatedOnToolsVersion = 15.1;
					};
					CAAE71202B47F0E700FCA756 = {
						CreatedOnToolsVersion = 15.1;
						TestTargetID = CAAE710A2B47F0E600FCA756;
					};
					CAAE712A2B47F0E700FCA756 = {
						CreatedOnToolsVersion = 15.1;
						TestTargetID = CAAE710A2B47F0E600FCA756;
					};
				};
			};
			buildConfigurationList = CAAE71062B47F0E600FCA756 /* Build configuration list for PBXProject "GoCart-poc1" */;
			compatibilityVersion = "Xcode 14.0";
			developmentRegion = en;
			hasScannedForEncodings = 0;
			knownRegions = (
				en,
				Base,
			);
			mainGroup = CAAE71022B47F0E600FCA756;
			productRefGroup = CAAE710C2B47F0E600FCA756 /* Products */;
			projectDirPath = "";
			projectRoot = "";
			targets = (
				CAAE710A2B47F0E600FCA756 /* GoCart-poc1 */,
				CAAE71202B47F0E700FCA756 /* GoCart-poc1Tests */,
				CAAE712A2B47F0E700FCA756 /* GoCart-poc1UITests */,
			);
		};
/* End PBXProject section */

/* Begin PBXResourcesBuildPhase section */
		CAAE71092B47F0E600FCA756 /* Resources */ = {
			isa = PBXResourcesBuildPhase;
			buildActionMask = 2147483647;
			files = (
				CAAE711B2B47F0E700FCA756 /* LaunchScreen.storyboard in Resources */,
				CAAE71182B47F0E700FCA756 /* Assets.xcassets in Resources */,
				CAAE71162B47F0E600FCA756 /* Main.storyboard in Resources */,
			);
			runOnlyForDeploymentPostprocessing = 0;
		};
		CAAE711F2B47F0E700FCA756 /* Resources */ = {
			isa = PBXResourcesBuildPhase;
			buildActionMask = 2147483647;
			files = (
			);
			runOnlyForDeploymentPostprocessing = 0;
		};
		CAAE71292B47F0E700FCA756 /* Resources */ = {
			isa = PBXResourcesBuildPhase;
			buildActionMask = 2147483647;
			files = (
			);
			runOnlyForDeploymentPostprocessing = 0;
		};
/* End PBXResourcesBuildPhase section */

/* Begin PBXSourcesBuildPhase section */
		CAAE71072B47F0E600FCA756 /* Sources */ = {
			isa = PBXSourcesBuildPhase;
			buildActionMask = 2147483647;
			files = (
				CAAE71132B47F0E600FCA756 /* ViewController.swift in Sources */,
				CAAE710F2B47F0E600FCA756 /* AppDelegate.swift in Sources */,
				CAAE71112B47F0E600FCA756 /* SceneDelegate.swift in Sources */,
			);
			runOnlyForDeploymentPostprocessing = 0;
		};
		CAAE711D2B47F0E700FCA756 /* Sources */ = {
			isa = PBXSourcesBuildPhase;
			buildActionMask = 2147483647;
			files = (
				CAAE71262B47F0E700FCA756 /* GoCart_poc1Tests.swift in Sources */,
			);
			runOnlyForDeploymentPostprocessing = 0;
		};
		CAAE71272B47F0E700FCA756 /* Sources */ = {
			isa = PBXSourcesBuildPhase;
			buildActionMask = 2147483647;
			files = (
				CAAE71302B47F0E800FCA756 /* GoCart_poc1UITests.swift in Sources */,
				CAAE71322B47F0E800FCA756 /* GoCart_poc1UITestsLaunchTests.swift in Sources */,
			);
			runOnlyForDeploymentPostprocessing = 0;
		};
/* End PBXSourcesBuildPhase section */

/* Begin PBXTargetDependency section */
		CAAE71232B47F0E700FCA756 /* PBXTargetDependency */ = {
			isa = PBXTargetDependency;
			target = CAAE710A2B47F0E600FCA756 /* GoCart-poc1 */;
			targetProxy = CAAE71222B47F0E700FCA756 /* PBXContainerItemProxy */;
		};
		CAAE712D2B47F0E700FCA756 /* PBXTargetDependency */ = {
			isa = PBXTargetDependency;
			target = CAAE710A2B47F0E600FCA756 /* GoCart-poc1 */;
			targetProxy = CAAE712C2B47F0E700FCA756 /* PBXContainerItemProxy */;
		};
/* End PBXTargetDependency section */

/* Begin PBXVariantGroup section */
		CAAE71142B47F0E600FCA756 /* Main.storyboard */ = {
			isa = PBXVariantGroup;
			children = (
				CAAE71152B47F0E600FCA756 /* Base */,
			);
			name = Main.storyboard;
			sourceTree = "<group>";
		};
		CAAE71192B47F0E700FCA756 /* LaunchScreen.storyboard */ = {
			isa = PBXVariantGroup;
			children = (
				CAAE711A2B47F0E700FCA756 /* Base */,
			);
			name = LaunchScreen.storyboard;
			sourceTree = "<group>";
		};
/* End PBXVariantGroup section */

/* Begin XCBuildConfiguration section */
		CAAE71332B47F0E800FCA756 /* Debug */ = {
			isa = XCBuildConfiguration;
			buildSettings = {
				ALWAYS_SEARCH_USER_PATHS = NO;
				ASSETCATALOG_COMPILER_GENERATE_SWIFT_ASSET_SYMBOL_EXTENSIONS = YES;
				CLANG_ANALYZER_NONNULL = YES;
				CLANG_ANALYZER_NUMBER_OBJECT_CONVERSION = YES_AGGRESSIVE;
				CLANG_CXX_LANGUAGE_STANDARD = "gnu++20";
				CLANG_ENABLE_MODULES = YES;
				CLANG_ENABLE_OBJC_ARC = YES;
				CLANG_ENABLE_OBJC_WEAK = YES;
				CLANG_WARN_BLOCK_CAPTURE_AUTORELEASING = YES;
				CLANG_WARN_BOOL_CONVERSION = YES;
				CLANG_WARN_COMMA = YES;
				CLANG_WARN_CONSTANT_CONVERSION = YES;
				CLANG_WARN_DEPRECATED_OBJC_IMPLEMENTATIONS = YES;
				CLANG_WARN_DIRECT_OBJC_ISA_USAGE = YES_ERROR;
				CLANG_WARN_DOCUMENTATION_COMMENTS = YES;
				CLANG_WARN_EMPTY_BODY = YES;
				CLANG_WARN_ENUM_CONVERSION = YES;
				CLANG_WARN_INFINITE_RECURSION = YES;
				CLANG_WARN_INT_CONVERSION = YES;
				CLANG_WARN_NON_LITERAL_NULL_CONVERSION = YES;
				CLANG_WARN_OBJC_IMPLICIT_RETAIN_SELF = YES;
				CLANG_WARN_OBJC_LITERAL_CONVERSION = YES;
				CLANG_WARN_OBJC_ROOT_CLASS = YES_ERROR;
				CLANG_WARN_QUOTED_INCLUDE_IN_FRAMEWORK_HEADER = YES;
				CLANG_WARN_RANGE_LOOP_ANALYSIS = YES;
				CLANG_WARN_STRICT_PROTOTYPES = YES;
				CLANG_WARN_SUSPICIOUS_MOVE = YES;
				CLANG_WARN_UNGUARDED_AVAILABILITY = YES_AGGRESSIVE;
				CLANG_WARN_UNREACHABLE_CODE = YES;
				CLANG_WARN__DUPLICATE_METHOD_MATCH = YES;
				COPY_PHASE_STRIP = NO;
				DEBUG_INFORMATION_FORMAT = dwarf;
				ENABLE_STRICT_OBJC_MSGSEND = YES;
				ENABLE_TESTABILITY = YES;
				ENABLE_USER_SCRIPT_SANDBOXING = YES;
				GCC_C_LANGUAGE_STANDARD = gnu17;
				GCC_DYNAMIC_NO_PIC = NO;
				GCC_NO_COMMON_BLOCKS = YES;
				GCC_OPTIMIZATION_LEVEL = 0;
				GCC_PREPROCESSOR_DEFINITIONS = (
					"DEBUG=1",
					"$(inherited)",
				);
				GCC_WARN_64_TO_32_BIT_CONVERSION = YES;
				GCC_WARN_ABOUT_RETURN_TYPE = YES_ERROR;
				GCC_WARN_UNDECLARED_SELECTOR = YES;
				GCC_WARN_UNINITIALIZED_AUTOS = YES_AGGRESSIVE;
				GCC_WARN_UNUSED_FUNCTION = YES;
				GCC_WARN_UNUSED_VARIABLE = YES;
				IPHONEOS_DEPLOYMENT_TARGET = 17.2;
				LOCALIZATION_PREFERS_STRING_CATALOGS = YES;
				MTL_ENABLE_DEBUG_INFO = INCLUDE_SOURCE;
				MTL_FAST_MATH = YES;
				ONLY_ACTIVE_ARCH = YES;
				SDKROOT = iphoneos;
				SWIFT_ACTIVE_COMPILATION_CONDITIONS = "DEBUG $(inherited)";
				SWIFT_OPTIMIZATION_LEVEL = "-Onone";
			};
			name = Debug;
		};
		CAAE71342B47F0E800FCA756 /* Release */ = {
			isa = XCBuildConfiguration;
			buildSettings = {
				ALWAYS_SEARCH_USER_PATHS = NO;
				ASSETCATALOG_COMPILER_GENERATE_SWIFT_ASSET_SYMBOL_EXTENSIONS = YES;
				CLANG_ANALYZER_NONNULL = YES;
				CLANG_ANALYZER_NUMBER_OBJECT_CONVERSION = YES_AGGRESSIVE;
				CLANG_CXX_LANGUAGE_STANDARD = "gnu++20";
				CLANG_ENABLE_MODULES = YES;
				CLANG_ENABLE_OBJC_ARC = YES;
				CLANG_ENABLE_OBJC_WEAK = YES;
				CLANG_WARN_BLOCK_CAPTURE_AUTORELEASING = YES;
				CLANG_WARN_BOOL_CONVERSION = YES;
				CLANG_WARN_COMMA = YES;
				CLANG_WARN_CONSTANT_CONVERSION = YES;
				CLANG_WARN_DEPRECATED_OBJC_IMPLEMENTATIONS = YES;
				CLANG_WARN_DIRECT_OBJC_ISA_USAGE = YES_ERROR;
				CLANG_WARN_DOCUMENTATION_COMMENTS = YES;
				CLANG_WARN_EMPTY_BODY = YES;
				CLANG_WARN_ENUM_CONVERSION = YES;
				CLANG_WARN_INFINITE_RECURSION = YES;
				CLANG_WARN_INT_CONVERSION = YES;
				CLANG_WARN_NON_LITERAL_NULL_CONVERSION = YES;
				CLANG_WARN_OBJC_IMPLICIT_RETAIN_SELF = YES;
				CLANG_WARN_OBJC_LITERAL_CONVERSION = YES;
				CLANG_WARN_OBJC_ROOT_CLASS = YES_ERROR;
				CLANG_WARN_QUOTED_INCLUDE_IN_FRAMEWORK_HEADER = YES;
				CLANG_WARN_RANGE_LOOP_ANALYSIS = YES;
				CLANG_WARN_STRICT_PROTOTYPES = YES;
				CLANG_WARN_SUSPICIOUS_MOVE = YES;
				CLANG_WARN_UNGUARDED_AVAILABILITY = YES_AGGRESSIVE;
				CLANG_WARN_UNREACHABLE_CODE = YES;
				CLANG_WARN__DUPLICATE_METHOD_MATCH = YES;
				COPY_PHASE_STRIP = NO;
				DEBUG_INFORMATION_FORMAT = "dwarf-with-dsym";
				ENABLE_NS_ASSERTIONS = NO;
				ENABLE_STRICT_OBJC_MSGSEND = YES;
				ENABLE_USER_SCRIPT_SANDBOXING = YES;
				GCC_C_LANGUAGE_STANDARD = gnu17;
				GCC_NO_COMMON_BLOCKS = YES;
				GCC_WARN_64_TO_32_BIT_CONVERSION = YES;
				GCC_WARN_ABOUT_RETURN_TYPE = YES_ERROR;
				GCC_WARN_UNDECLARED_SELECTOR = YES;
				GCC_WARN_UNINITIALIZED_AUTOS = YES_AGGRESSIVE;
				GCC_WARN_UNUSED_FUNCTION = YES;
				GCC_WARN_UNUSED_VARIABLE = YES;
				IPHONEOS_DEPLOYMENT_TARGET = 17.2;
				LOCALIZATION_PREFERS_STRING_CATALOGS = YES;
				MTL_ENABLE_DEBUG_INFO = NO;
				MTL_FAST_MATH = YES;
				SDKROOT = iphoneos;
				SWIFT_COMPILATION_MODE = wholemodule;
				VALIDATE_PRODUCT = YES;
			};
			name = Release;
		};
		CAAE71362B47F0E800FCA756 /* Debug */ = {
			isa = XCBuildConfiguration;
			buildSettings = {
				ASSETCATALOG_COMPILER_APPICON_NAME = AppIcon;
				ASSETCATALOG_COMPILER_GLOBAL_ACCENT_COLOR_NAME = AccentColor;
				CODE_SIGN_STYLE = Automatic;
				CURRENT_PROJECT_VERSION = 1;
				GENERATE_INFOPLIST_FILE = YES;
				INFOPLIST_FILE = "GoCart-poc1/Info.plist";
				INFOPLIST_KEY_UIApplicationSupportsIndirectInputEvents = YES;
				INFOPLIST_KEY_UILaunchStoryboardName = LaunchScreen;
				INFOPLIST_KEY_UIMainStoryboardFile = Main;
				INFOPLIST_KEY_UISupportedInterfaceOrientations_iPad = "UIInterfaceOrientationPortrait UIInterfaceOrientationPortraitUpsideDown UIInterfaceOrientationLandscapeLeft UIInterfaceOrientationLandscapeRight";
				INFOPLIST_KEY_UISupportedInterfaceOrientations_iPhone = "UIInterfaceOrientationPortrait UIInterfaceOrientationLandscapeLeft UIInterfaceOrientationLandscapeRight";
				LD_RUNPATH_SEARCH_PATHS = (
					"$(inherited)",
					"@executable_path/Frameworks",
				);
				MARKETING_VERSION = 1.0;
				PRODUCT_BUNDLE_IDENTIFIER = "ST.GoCart-poc1";
				PRODUCT_NAME = "$(TARGET_NAME)";
				SWIFT_EMIT_LOC_STRINGS = YES;
				SWIFT_VERSION = 5.0;
				TARGETED_DEVICE_FAMILY = "1,2";
			};
			name = Debug;
		};
		CAAE71372B47F0E800FCA756 /* Release */ = {
			isa = XCBuildConfiguration;
			buildSettings = {
				ASSETCATALOG_COMPILER_APPICON_NAME = AppIcon;
				ASSETCATALOG_COMPILER_GLOBAL_ACCENT_COLOR_NAME = AccentColor;
				CODE_SIGN_STYLE = Automatic;
				CURRENT_PROJECT_VERSION = 1;
				GENERATE_INFOPLIST_FILE = YES;
				INFOPLIST_FILE = "GoCart-poc1/Info.plist";
				INFOPLIST_KEY_UIApplicationSupportsIndirectInputEvents = YES;
				INFOPLIST_KEY_UILaunchStoryboardName = LaunchScreen;
				INFOPLIST_KEY_UIMainStoryboardFile = Main;
				INFOPLIST_KEY_UISupportedInterfaceOrientations_iPad = "UIInterfaceOrientationPortrait UIInterfaceOrientationPortraitUpsideDown UIInterfaceOrientationLandscapeLeft UIInterfaceOrientationLandscapeRight";
				INFOPLIST_KEY_UISupportedInterfaceOrientations_iPhone = "UIInterfaceOrientationPortrait UIInterfaceOrientationLandscapeLeft UIInterfaceOrientationLandscapeRight";
				LD_RUNPATH_SEARCH_PATHS = (
					"$(inherited)",
					"@executable_path/Frameworks",
				);
				MARKETING_VERSION = 1.0;
				PRODUCT_BUNDLE_IDENTIFIER = "ST.GoCart-poc1";
				PRODUCT_NAME = "$(TARGET_NAME)";
				SWIFT_EMIT_LOC_STRINGS = YES;
				SWIFT_VERSION = 5.0;
				TARGETED_DEVICE_FAMILY = "1,2";
			};
			name = Release;
		};
		CAAE71392B47F0E800FCA756 /* Debug */ = {
			isa = XCBuildConfiguration;
			buildSettings = {
				ALWAYS_EMBED_SWIFT_STANDARD_LIBRARIES = YES;
				BUNDLE_LOADER = "$(TEST_HOST)";
				CODE_SIGN_STYLE = Automatic;
				CURRENT_PROJECT_VERSION = 1;
				GENERATE_INFOPLIST_FILE = YES;
				IPHONEOS_DEPLOYMENT_TARGET = 17.2;
				MARKETING_VERSION = 1.0;
				PRODUCT_BUNDLE_IDENTIFIER = "ST.GoCart-poc1Tests";
				PRODUCT_NAME = "$(TARGET_NAME)";
				SWIFT_EMIT_LOC_STRINGS = NO;
				SWIFT_VERSION = 5.0;
				TARGETED_DEVICE_FAMILY = "1,2";
				TEST_HOST = "$(BUILT_PRODUCTS_DIR)/GoCart-poc1.app/$(BUNDLE_EXECUTABLE_FOLDER_PATH)/GoCart-poc1";
			};
			name = Debug;
		};
		CAAE713A2B47F0E800FCA756 /* Release */ = {
			isa = XCBuildConfiguration;
			buildSettings = {
				ALWAYS_EMBED_SWIFT_STANDARD_LIBRARIES = YES;
				BUNDLE_LOADER = "$(TEST_HOST)";
				CODE_SIGN_STYLE = Automatic;
				CURRENT_PROJECT_VERSION = 1;
				GENERATE_INFOPLIST_FILE = YES;
				IPHONEOS_DEPLOYMENT_TARGET = 17.2;
				MARKETING_VERSION = 1.0;
				PRODUCT_BUNDLE_IDENTIFIER = "ST.GoCart-poc1Tests";
				PRODUCT_NAME = "$(TARGET_NAME)";
				SWIFT_EMIT_LOC_STRINGS = NO;
				SWIFT_VERSION = 5.0;
				TARGETED_DEVICE_FAMILY = "1,2";
				TEST_HOST = "$(BUILT_PRODUCTS_DIR)/GoCart-poc1.app/$(BUNDLE_EXECUTABLE_FOLDER_PATH)/GoCart-poc1";
			};
			name = Release;
		};
		CAAE713C2B47F0E800FCA756 /* Debug */ = {
			isa = XCBuildConfiguration;
			buildSettings = {
				ALWAYS_EMBED_SWIFT_STANDARD_LIBRARIES = YES;
				CODE_SIGN_STYLE = Automatic;
				CURRENT_PROJECT_VERSION = 1;
				GENERATE_INFOPLIST_FILE = YES;
				MARKETING_VERSION = 1.0;
				PRODUCT_BUNDLE_IDENTIFIER = "ST.GoCart-poc1UITests";
				PRODUCT_NAME = "$(TARGET_NAME)";
				SWIFT_EMIT_LOC_STRINGS = NO;
				SWIFT_VERSION = 5.0;
				TARGETED_DEVICE_FAMILY = "1,2";
				TEST_TARGET_NAME = "GoCart-poc1";
			};
			name = Debug;
		};
		CAAE713D2B47F0E800FCA756 /* Release */ = {
			isa = XCBuildConfiguration;
			buildSettings = {
				ALWAYS_EMBED_SWIFT_STANDARD_LIBRARIES = YES;
				CODE_SIGN_STYLE = Automatic;
				CURRENT_PROJECT_VERSION = 1;
				GENERATE_INFOPLIST_FILE = YES;
				MARKETING_VERSION = 1.0;
				PRODUCT_BUNDLE_IDENTIFIER = "ST.GoCart-poc1UITests";
				PRODUCT_NAME = "$(TARGET_NAME)";
				SWIFT_EMIT_LOC_STRINGS = NO;
				SWIFT_VERSION = 5.0;
				TARGETED_DEVICE_FAMILY = "1,2";
				TEST_TARGET_NAME = "GoCart-poc1";
			};
			name = Release;
		};
/* End XCBuildConfiguration section */

/* Begin XCConfigurationList section */
		CAAE71062B47F0E600FCA756 /* Build configuration list for PBXProject "GoCart-poc1" */ = {
			isa = XCConfigurationList;
			buildConfigurations = (
				CAAE71332B47F0E800FCA756 /* Debug */,
				CAAE71342B47F0E800FCA756 /* Release */,
			);
			defaultConfigurationIsVisible = 0;
			defaultConfigurationName = Release;
		};
		CAAE71352B47F0E800FCA756 /* Build configuration list for PBXNativeTarget "GoCart-poc1" */ = {
			isa = XCConfigurationList;
			buildConfigurations = (
				CAAE71362B47F0E800FCA756 /* Debug */,
				CAAE71372B47F0E800FCA756 /* Release */,
			);
			defaultConfigurationIsVisible = 0;
			defaultConfigurationName = Release;
		};
		CAAE71382B47F0E800FCA756 /* Build configuration list for PBXNativeTarget "GoCart-poc1Tests" */ = {
			isa = XCConfigurationList;
			buildConfigurations = (
				CAAE71392B47F0E800FCA756 /* Debug */,
				CAAE713A2B47F0E800FCA756 /* Release */,
			);
			defaultConfigurationIsVisible = 0;
			defaultConfigurationName = Release;
		};
		CAAE713B2B47F0E800FCA756 /* Build configuration list for PBXNativeTarget "GoCart-poc1UITests" */ = {
			isa = XCConfigurationList;
			buildConfigurations = (
				CAAE713C2B47F0E800FCA756 /* Debug */,
				CAAE713D2B47F0E800FCA756 /* Release */,
			);
			defaultConfigurationIsVisible = 0;
			defaultConfigurationName = Release;
		};
/* End XCConfigurationList section */
	};
	rootObject = CAAE71032B47F0E600FCA756 /* Project object */;
}
