// !$*UTF8*$!
{
	archiveVersion = 1;
	classes = {
	};
	objectVersion = 56;
	objects = {

/* Begin PBXBuildFile section */
		CA0D3E172B406B2A004823C3 /* AppDelegate.swift in Sources */ = {isa = PBXBuildFile; fileRef = CA0D3E162B406B2A004823C3 /* AppDelegate.swift */; };
		CA0D3E192B406B2A004823C3 /* SceneDelegate.swift in Sources */ = {isa = PBXBuildFile; fileRef = CA0D3E182B406B2A004823C3 /* SceneDelegate.swift */; };
		CA0D3E1E2B406B2A004823C3 /* Main.storyboard in Resources */ = {isa = PBXBuildFile; fileRef = CA0D3E1C2B406B2A004823C3 /* Main.storyboard */; };
		CA0D3E202B406B2B004823C3 /* Assets.xcassets in Resources */ = {isa = PBXBuildFile; fileRef = CA0D3E1F2B406B2B004823C3 /* Assets.xcassets */; };
		CA0D3E232B406B2B004823C3 /* LaunchScreen.storyboard in Resources */ = {isa = PBXBuildFile; fileRef = CA0D3E212B406B2B004823C3 /* LaunchScreen.storyboard */; };
		CA0D3E2E2B406B2B004823C3 /* EcomTests.swift in Sources */ = {isa = PBXBuildFile; fileRef = CA0D3E2D2B406B2B004823C3 /* EcomTests.swift */; };
		CA0D3E382B406B2B004823C3 /* EcomUITests.swift in Sources */ = {isa = PBXBuildFile; fileRef = CA0D3E372B406B2B004823C3 /* EcomUITests.swift */; };
		CA0D3E3A2B406B2B004823C3 /* EcomUITestsLaunchTests.swift in Sources */ = {isa = PBXBuildFile; fileRef = CA0D3E392B406B2B004823C3 /* EcomUITestsLaunchTests.swift */; };
		CA0D3E472B406BD0004823C3 /* ProductModel.swift in Sources */ = {isa = PBXBuildFile; fileRef = CA0D3E462B406BD0004823C3 /* ProductModel.swift */; };
		CA0D3E492B406BF5004823C3 /* LoginPageViewController.swift in Sources */ = {isa = PBXBuildFile; fileRef = CA0D3E482B406BF5004823C3 /* LoginPageViewController.swift */; };
		CA0D3E4B2B406C20004823C3 /* ProductListViewController.swift in Sources */ = {isa = PBXBuildFile; fileRef = CA0D3E4A2B406C20004823C3 /* ProductListViewController.swift */; };
		CA9662172B411F1900932E7D /* AddProductsViewController.swift in Sources */ = {isa = PBXBuildFile; fileRef = CA9662162B411F1900932E7D /* AddProductsViewController.swift */; };
		CA96621B2B41391C00932E7D /* ProductCell.swift in Sources */ = {isa = PBXBuildFile; fileRef = CA96621A2B41391C00932E7D /* ProductCell.swift */; };
/* End PBXBuildFile section */

/* Begin PBXContainerItemProxy section */
		CA0D3E2A2B406B2B004823C3 /* PBXContainerItemProxy */ = {
			isa = PBXContainerItemProxy;
			containerPortal = CA0D3E0B2B406B2A004823C3 /* Project object */;
			proxyType = 1;
			remoteGlobalIDString = CA0D3E122B406B2A004823C3;
			remoteInfo = Ecom;
		};
		CA0D3E342B406B2B004823C3 /* PBXContainerItemProxy */ = {
			isa = PBXContainerItemProxy;
			containerPortal = CA0D3E0B2B406B2A004823C3 /* Project object */;
			proxyType = 1;
			remoteGlobalIDString = CA0D3E122B406B2A004823C3;
			remoteInfo = Ecom;
		};
/* End PBXContainerItemProxy section */

/* Begin PBXFileReference section */
		CA0D3E132B406B2A004823C3 /* Ecom.app */ = {isa = PBXFileReference; explicitFileType = wrapper.application; includeInIndex = 0; path = Ecom.app; sourceTree = BUILT_PRODUCTS_DIR; };
		CA0D3E162B406B2A004823C3 /* AppDelegate.swift */ = {isa = PBXFileReference; lastKnownFileType = sourcecode.swift; path = AppDelegate.swift; sourceTree = "<group>"; };
		CA0D3E182B406B2A004823C3 /* SceneDelegate.swift */ = {isa = PBXFileReference; lastKnownFileType = sourcecode.swift; path = SceneDelegate.swift; sourceTree = "<group>"; };
		CA0D3E1D2B406B2A004823C3 /* Base */ = {isa = PBXFileReference; lastKnownFileType = file.storyboard; name = Base; path = Base.lproj/Main.storyboard; sourceTree = "<group>"; };
		CA0D3E1F2B406B2B004823C3 /* Assets.xcassets */ = {isa = PBXFileReference; lastKnownFileType = folder.assetcatalog; path = Assets.xcassets; sourceTree = "<group>"; };
		CA0D3E222B406B2B004823C3 /* Base */ = {isa = PBXFileReference; lastKnownFileType = file.storyboard; name = Base; path = Base.lproj/LaunchScreen.storyboard; sourceTree = "<group>"; };
		CA0D3E242B406B2B004823C3 /* Info.plist */ = {isa = PBXFileReference; lastKnownFileType = text.plist.xml; path = Info.plist; sourceTree = "<group>"; };
		CA0D3E292B406B2B004823C3 /* EcomTests.xctest */ = {isa = PBXFileReference; explicitFileType = wrapper.cfbundle; includeInIndex = 0; path = EcomTests.xctest; sourceTree = BUILT_PRODUCTS_DIR; };
		CA0D3E2D2B406B2B004823C3 /* EcomTests.swift */ = {isa = PBXFileReference; lastKnownFileType = sourcecode.swift; path = EcomTests.swift; sourceTree = "<group>"; };
		CA0D3E332B406B2B004823C3 /* EcomUITests.xctest */ = {isa = PBXFileReference; explicitFileType = wrapper.cfbundle; includeInIndex = 0; path = EcomUITests.xctest; sourceTree = BUILT_PRODUCTS_DIR; };
		CA0D3E372B406B2B004823C3 /* EcomUITests.swift */ = {isa = PBXFileReference; lastKnownFileType = sourcecode.swift; path = EcomUITests.swift; sourceTree = "<group>"; };
		CA0D3E392B406B2B004823C3 /* EcomUITestsLaunchTests.swift */ = {isa = PBXFileReference; lastKnownFileType = sourcecode.swift; path = EcomUITestsLaunchTests.swift; sourceTree = "<group>"; };
		CA0D3E462B406BD0004823C3 /* ProductModel.swift */ = {isa = PBXFileReference; lastKnownFileType = sourcecode.swift; path = ProductModel.swift; sourceTree = "<group>"; };
		CA0D3E482B406BF5004823C3 /* LoginPageViewController.swift */ = {isa = PBXFileReference; lastKnownFileType = sourcecode.swift; path = LoginPageViewController.swift; sourceTree = "<group>"; };
		CA0D3E4A2B406C20004823C3 /* ProductListViewController.swift */ = {isa = PBXFileReference; lastKnownFileType = sourcecode.swift; path = ProductListViewController.swift; sourceTree = "<group>"; };
		CA9662162B411F1900932E7D /* AddProductsViewController.swift */ = {isa = PBXFileReference; lastKnownFileType = sourcecode.swift; path = AddProductsViewController.swift; sourceTree = "<group>"; };
		CA96621A2B41391C00932E7D /* ProductCell.swift */ = {isa = PBXFileReference; lastKnownFileType = sourcecode.swift; path = ProductCell.swift; sourceTree = "<group>"; };
/* End PBXFileReference section */

/* Begin PBXFrameworksBuildPhase section */
		CA0D3E102B406B2A004823C3 /* Frameworks */ = {
			isa = PBXFrameworksBuildPhase;
			buildActionMask = 2147483647;
			files = (
			);
			runOnlyForDeploymentPostprocessing = 0;
		};
		CA0D3E262B406B2B004823C3 /* Frameworks */ = {
			isa = PBXFrameworksBuildPhase;
			buildActionMask = 2147483647;
			files = (
			);
			runOnlyForDeploymentPostprocessing = 0;
		};
		CA0D3E302B406B2B004823C3 /* Frameworks */ = {
			isa = PBXFrameworksBuildPhase;
			buildActionMask = 2147483647;
			files = (
			);
			runOnlyForDeploymentPostprocessing = 0;
		};
/* End PBXFrameworksBuildPhase section */

/* Begin PBXGroup section */
		CA0D3E0A2B406B2A004823C3 = {
			isa = PBXGroup;
			children = (
				CA0D3E152B406B2A004823C3 /* Ecom */,
				CA0D3E2C2B406B2B004823C3 /* EcomTests */,
				CA0D3E362B406B2B004823C3 /* EcomUITests */,
				CA0D3E142B406B2A004823C3 /* Products */,
			);
			sourceTree = "<group>";
		};
		CA0D3E142B406B2A004823C3 /* Products */ = {
			isa = PBXGroup;
			children = (
				CA0D3E132B406B2A004823C3 /* Ecom.app */,
				CA0D3E292B406B2B004823C3 /* EcomTests.xctest */,
				CA0D3E332B406B2B004823C3 /* EcomUITests.xctest */,
			);
			name = Products;
			sourceTree = "<group>";
		};
		CA0D3E152B406B2A004823C3 /* Ecom */ = {
			isa = PBXGroup;
			children = (
				CA0D3E162B406B2A004823C3 /* AppDelegate.swift */,
				CA0D3E182B406B2A004823C3 /* SceneDelegate.swift */,
				CA0D3E1C2B406B2A004823C3 /* Main.storyboard */,
				CA0D3E1F2B406B2B004823C3 /* Assets.xcassets */,
				CA0D3E212B406B2B004823C3 /* LaunchScreen.storyboard */,
				CA0D3E462B406BD0004823C3 /* ProductModel.swift */,
				CA0D3E242B406B2B004823C3 /* Info.plist */,
				CA0D3E482B406BF5004823C3 /* LoginPageViewController.swift */,
				CA0D3E4A2B406C20004823C3 /* ProductListViewController.swift */,
				CA9662162B411F1900932E7D /* AddProductsViewController.swift */,
				CA96621A2B41391C00932E7D /* ProductCell.swift */,
			);
			path = Ecom;
			sourceTree = "<group>";
		};
		CA0D3E2C2B406B2B004823C3 /* EcomTests */ = {
			isa = PBXGroup;
			children = (
				CA0D3E2D2B406B2B004823C3 /* EcomTests.swift */,
			);
			path = EcomTests;
			sourceTree = "<group>";
		};
		CA0D3E362B406B2B004823C3 /* EcomUITests */ = {
			isa = PBXGroup;
			children = (
				CA0D3E372B406B2B004823C3 /* EcomUITests.swift */,
				CA0D3E392B406B2B004823C3 /* EcomUITestsLaunchTests.swift */,
			);
			path = EcomUITests;
			sourceTree = "<group>";
		};
/* End PBXGroup section */

/* Begin PBXNativeTarget section */
		CA0D3E122B406B2A004823C3 /* Ecom */ = {
			isa = PBXNativeTarget;
			buildConfigurationList = CA0D3E3D2B406B2B004823C3 /* Build configuration list for PBXNativeTarget "Ecom" */;
			buildPhases = (
				CA0D3E0F2B406B2A004823C3 /* Sources */,
				CA0D3E102B406B2A004823C3 /* Frameworks */,
				CA0D3E112B406B2A004823C3 /* Resources */,
			);
			buildRules = (
			);
			dependencies = (
			);
			name = Ecom;
			productName = Ecom;
			productReference = CA0D3E132B406B2A004823C3 /* Ecom.app */;
			productType = "com.apple.product-type.application";
		};
		CA0D3E282B406B2B004823C3 /* EcomTests */ = {
			isa = PBXNativeTarget;
			buildConfigurationList = CA0D3E402B406B2B004823C3 /* Build configuration list for PBXNativeTarget "EcomTests" */;
			buildPhases = (
				CA0D3E252B406B2B004823C3 /* Sources */,
				CA0D3E262B406B2B004823C3 /* Frameworks */,
				CA0D3E272B406B2B004823C3 /* Resources */,
			);
			buildRules = (
			);
			dependencies = (
				CA0D3E2B2B406B2B004823C3 /* PBXTargetDependency */,
			);
			name = EcomTests;
			productName = EcomTests;
			productReference = CA0D3E292B406B2B004823C3 /* EcomTests.xctest */;
			productType = "com.apple.product-type.bundle.unit-test";
		};
		CA0D3E322B406B2B004823C3 /* EcomUITests */ = {
			isa = PBXNativeTarget;
			buildConfigurationList = CA0D3E432B406B2B004823C3 /* Build configuration list for PBXNativeTarget "EcomUITests" */;
			buildPhases = (
				CA0D3E2F2B406B2B004823C3 /* Sources */,
				CA0D3E302B406B2B004823C3 /* Frameworks */,
				CA0D3E312B406B2B004823C3 /* Resources */,
			);
			buildRules = (
			);
			dependencies = (
				CA0D3E352B406B2B004823C3 /* PBXTargetDependency */,
			);
			name = EcomUITests;
			productName = EcomUITests;
			productReference = CA0D3E332B406B2B004823C3 /* EcomUITests.xctest */;
			productType = "com.apple.product-type.bundle.ui-testing";
		};
/* End PBXNativeTarget section */

/* Begin PBXProject section */
		CA0D3E0B2B406B2A004823C3 /* Project object */ = {
			isa = PBXProject;
			attributes = {
				BuildIndependentTargetsInParallel = 1;
				LastSwiftUpdateCheck = 1510;
				LastUpgradeCheck = 1510;
				TargetAttributes = {
					CA0D3E122B406B2A004823C3 = {
						CreatedOnToolsVersion = 15.1;
					};
					CA0D3E282B406B2B004823C3 = {
						CreatedOnToolsVersion = 15.1;
						TestTargetID = CA0D3E122B406B2A004823C3;
					};
					CA0D3E322B406B2B004823C3 = {
						CreatedOnToolsVersion = 15.1;
						TestTargetID = CA0D3E122B406B2A004823C3;
					};
				};
			};
			buildConfigurationList = CA0D3E0E2B406B2A004823C3 /* Build configuration list for PBXProject "Ecom" */;
			compatibilityVersion = "Xcode 14.0";
			developmentRegion = en;
			hasScannedForEncodings = 0;
			knownRegions = (
				en,
				Base,
			);
			mainGroup = CA0D3E0A2B406B2A004823C3;
			productRefGroup = CA0D3E142B406B2A004823C3 /* Products */;
			projectDirPath = "";
			projectRoot = "";
			targets = (
				CA0D3E122B406B2A004823C3 /* Ecom */,
				CA0D3E282B406B2B004823C3 /* EcomTests */,
				CA0D3E322B406B2B004823C3 /* EcomUITests */,
			);
		};
/* End PBXProject section */

/* Begin PBXResourcesBuildPhase section */
		CA0D3E112B406B2A004823C3 /* Resources */ = {
			isa = PBXResourcesBuildPhase;
			buildActionMask = 2147483647;
			files = (
				CA0D3E232B406B2B004823C3 /* LaunchScreen.storyboard in Resources */,
				CA0D3E202B406B2B004823C3 /* Assets.xcassets in Resources */,
				CA0D3E1E2B406B2A004823C3 /* Main.storyboard in Resources */,
			);
			runOnlyForDeploymentPostprocessing = 0;
		};
		CA0D3E272B406B2B004823C3 /* Resources */ = {
			isa = PBXResourcesBuildPhase;
			buildActionMask = 2147483647;
			files = (
			);
			runOnlyForDeploymentPostprocessing = 0;
		};
		CA0D3E312B406B2B004823C3 /* Resources */ = {
			isa = PBXResourcesBuildPhase;
			buildActionMask = 2147483647;
			files = (
			);
			runOnlyForDeploymentPostprocessing = 0;
		};
/* End PBXResourcesBuildPhase section */

/* Begin PBXSourcesBuildPhase section */
		CA0D3E0F2B406B2A004823C3 /* Sources */ = {
			isa = PBXSourcesBuildPhase;
			buildActionMask = 2147483647;
			files = (
				CA0D3E172B406B2A004823C3 /* AppDelegate.swift in Sources */,
				CA0D3E192B406B2A004823C3 /* SceneDelegate.swift in Sources */,
				CA9662172B411F1900932E7D /* AddProductsViewController.swift in Sources */,
				CA0D3E4B2B406C20004823C3 /* ProductListViewController.swift in Sources */,
				CA96621B2B41391C00932E7D /* ProductCell.swift in Sources */,
				CA0D3E492B406BF5004823C3 /* LoginPageViewController.swift in Sources */,
				CA0D3E472B406BD0004823C3 /* ProductModel.swift in Sources */,
			);
			runOnlyForDeploymentPostprocessing = 0;
		};
		CA0D3E252B406B2B004823C3 /* Sources */ = {
			isa = PBXSourcesBuildPhase;
			buildActionMask = 2147483647;
			files = (
				CA0D3E2E2B406B2B004823C3 /* EcomTests.swift in Sources */,
			);
			runOnlyForDeploymentPostprocessing = 0;
		};
		CA0D3E2F2B406B2B004823C3 /* Sources */ = {
			isa = PBXSourcesBuildPhase;
			buildActionMask = 2147483647;
			files = (
				CA0D3E3A2B406B2B004823C3 /* EcomUITestsLaunchTests.swift in Sources */,
				CA0D3E382B406B2B004823C3 /* EcomUITests.swift in Sources */,
			);
			runOnlyForDeploymentPostprocessing = 0;
		};
/* End PBXSourcesBuildPhase section */

/* Begin PBXTargetDependency section */
		CA0D3E2B2B406B2B004823C3 /* PBXTargetDependency */ = {
			isa = PBXTargetDependency;
			target = CA0D3E122B406B2A004823C3 /* Ecom */;
			targetProxy = CA0D3E2A2B406B2B004823C3 /* PBXContainerItemProxy */;
		};
		CA0D3E352B406B2B004823C3 /* PBXTargetDependency */ = {
			isa = PBXTargetDependency;
			target = CA0D3E122B406B2A004823C3 /* Ecom */;
			targetProxy = CA0D3E342B406B2B004823C3 /* PBXContainerItemProxy */;
		};
/* End PBXTargetDependency section */

/* Begin PBXVariantGroup section */
		CA0D3E1C2B406B2A004823C3 /* Main.storyboard */ = {
			isa = PBXVariantGroup;
			children = (
				CA0D3E1D2B406B2A004823C3 /* Base */,
			);
			name = Main.storyboard;
			sourceTree = "<group>";
		};
		CA0D3E212B406B2B004823C3 /* LaunchScreen.storyboard */ = {
			isa = PBXVariantGroup;
			children = (
				CA0D3E222B406B2B004823C3 /* Base */,
			);
			name = LaunchScreen.storyboard;
			sourceTree = "<group>";
		};
/* End PBXVariantGroup section */

/* Begin XCBuildConfiguration section */
		CA0D3E3B2B406B2B004823C3 /* Debug */ = {
			isa = XCBuildConfiguration;
			buildSettings = {
				ALWAYS_SEARCH_USER_PATHS = NO;
				ASSETCATALOG_COMPILER_GENERATE_SWIFT_ASSET_SYMBOL_EXTENSIONS = YES;
				CLANG_ANALYZER_NONNULL = YES;
				CLANG_ANALYZER_NUMBER_OBJECT_CONVERSION = YES_AGGRESSIVE;
				CLANG_CXX_LANGUAGE_STANDARD = "gnu++20";
				CLANG_ENABLE_MODULES = YES;
				CLANG_ENABLE_OBJC_ARC = YES;
				CLANG_ENABLE_OBJC_WEAK = YES;
				CLANG_WARN_BLOCK_CAPTURE_AUTORELEASING = YES;
				CLANG_WARN_BOOL_CONVERSION = YES;
				CLANG_WARN_COMMA = YES;
				CLANG_WARN_CONSTANT_CONVERSION = YES;
				CLANG_WARN_DEPRECATED_OBJC_IMPLEMENTATIONS = YES;
				CLANG_WARN_DIRECT_OBJC_ISA_USAGE = YES_ERROR;
				CLANG_WARN_DOCUMENTATION_COMMENTS = YES;
				CLANG_WARN_EMPTY_BODY = YES;
				CLANG_WARN_ENUM_CONVERSION = YES;
				CLANG_WARN_INFINITE_RECURSION = YES;
				CLANG_WARN_INT_CONVERSION = YES;
				CLANG_WARN_NON_LITERAL_NULL_CONVERSION = YES;
				CLANG_WARN_OBJC_IMPLICIT_RETAIN_SELF = YES;
				CLANG_WARN_OBJC_LITERAL_CONVERSION = YES;
				CLANG_WARN_OBJC_ROOT_CLASS = YES_ERROR;
				CLANG_WARN_QUOTED_INCLUDE_IN_FRAMEWORK_HEADER = YES;
				CLANG_WARN_RANGE_LOOP_ANALYSIS = YES;
				CLANG_WARN_STRICT_PROTOTYPES = YES;
				CLANG_WARN_SUSPICIOUS_MOVE = YES;
				CLANG_WARN_UNGUARDED_AVAILABILITY = YES_AGGRESSIVE;
				CLANG_WARN_UNREACHABLE_CODE = YES;
				CLANG_WARN__DUPLICATE_METHOD_MATCH = YES;
				COPY_PHASE_STRIP = NO;
				DEBUG_INFORMATION_FORMAT = dwarf;
				ENABLE_STRICT_OBJC_MSGSEND = YES;
				ENABLE_TESTABILITY = YES;
				ENABLE_USER_SCRIPT_SANDBOXING = YES;
				GCC_C_LANGUAGE_STANDARD = gnu17;
				GCC_DYNAMIC_NO_PIC = NO;
				GCC_NO_COMMON_BLOCKS = YES;
				GCC_OPTIMIZATION_LEVEL = 0;
				GCC_PREPROCESSOR_DEFINITIONS = (
					"DEBUG=1",
					"$(inherited)",
				);
				GCC_WARN_64_TO_32_BIT_CONVERSION = YES;
				GCC_WARN_ABOUT_RETURN_TYPE = YES_ERROR;
				GCC_WARN_UNDECLARED_SELECTOR = YES;
				GCC_WARN_UNINITIALIZED_AUTOS = YES_AGGRESSIVE;
				GCC_WARN_UNUSED_FUNCTION = YES;
				GCC_WARN_UNUSED_VARIABLE = YES;
				IPHONEOS_DEPLOYMENT_TARGET = 17.2;
				LOCALIZATION_PREFERS_STRING_CATALOGS = YES;
				MTL_ENABLE_DEBUG_INFO = INCLUDE_SOURCE;
				MTL_FAST_MATH = YES;
				ONLY_ACTIVE_ARCH = YES;
				SDKROOT = iphoneos;
				SWIFT_ACTIVE_COMPILATION_CONDITIONS = "DEBUG $(inherited)";
				SWIFT_OPTIMIZATION_LEVEL = "-Onone";
			};
			name = Debug;
		};
		CA0D3E3C2B406B2B004823C3 /* Release */ = {
			isa = XCBuildConfiguration;
			buildSettings = {
				ALWAYS_SEARCH_USER_PATHS = NO;
				ASSETCATALOG_COMPILER_GENERATE_SWIFT_ASSET_SYMBOL_EXTENSIONS = YES;
				CLANG_ANALYZER_NONNULL = YES;
				CLANG_ANALYZER_NUMBER_OBJECT_CONVERSION = YES_AGGRESSIVE;
				CLANG_CXX_LANGUAGE_STANDARD = "gnu++20";
				CLANG_ENABLE_MODULES = YES;
				CLANG_ENABLE_OBJC_ARC = YES;
				CLANG_ENABLE_OBJC_WEAK = YES;
				CLANG_WARN_BLOCK_CAPTURE_AUTORELEASING = YES;
				CLANG_WARN_BOOL_CONVERSION = YES;
				CLANG_WARN_COMMA = YES;
				CLANG_WARN_CONSTANT_CONVERSION = YES;
				CLANG_WARN_DEPRECATED_OBJC_IMPLEMENTATIONS = YES;
				CLANG_WARN_DIRECT_OBJC_ISA_USAGE = YES_ERROR;
				CLANG_WARN_DOCUMENTATION_COMMENTS = YES;
				CLANG_WARN_EMPTY_BODY = YES;
				CLANG_WARN_ENUM_CONVERSION = YES;
				CLANG_WARN_INFINITE_RECURSION = YES;
				CLANG_WARN_INT_CONVERSION = YES;
				CLANG_WARN_NON_LITERAL_NULL_CONVERSION = YES;
				CLANG_WARN_OBJC_IMPLICIT_RETAIN_SELF = YES;
				CLANG_WARN_OBJC_LITERAL_CONVERSION = YES;
				CLANG_WARN_OBJC_ROOT_CLASS = YES_ERROR;
				CLANG_WARN_QUOTED_INCLUDE_IN_FRAMEWORK_HEADER = YES;
				CLANG_WARN_RANGE_LOOP_ANALYSIS = YES;
				CLANG_WARN_STRICT_PROTOTYPES = YES;
				CLANG_WARN_SUSPICIOUS_MOVE = YES;
				CLANG_WARN_UNGUARDED_AVAILABILITY = YES_AGGRESSIVE;
				CLANG_WARN_UNREACHABLE_CODE = YES;
				CLANG_WARN__DUPLICATE_METHOD_MATCH = YES;
				COPY_PHASE_STRIP = NO;
				DEBUG_INFORMATION_FORMAT = "dwarf-with-dsym";
				ENABLE_NS_ASSERTIONS = NO;
				ENABLE_STRICT_OBJC_MSGSEND = YES;
				ENABLE_USER_SCRIPT_SANDBOXING = YES;
				GCC_C_LANGUAGE_STANDARD = gnu17;
				GCC_NO_COMMON_BLOCKS = YES;
				GCC_WARN_64_TO_32_BIT_CONVERSION = YES;
				GCC_WARN_ABOUT_RETURN_TYPE = YES_ERROR;
				GCC_WARN_UNDECLARED_SELECTOR = YES;
				GCC_WARN_UNINITIALIZED_AUTOS = YES_AGGRESSIVE;
				GCC_WARN_UNUSED_FUNCTION = YES;
				GCC_WARN_UNUSED_VARIABLE = YES;
				IPHONEOS_DEPLOYMENT_TARGET = 17.2;
				LOCALIZATION_PREFERS_STRING_CATALOGS = YES;
				MTL_ENABLE_DEBUG_INFO = NO;
				MTL_FAST_MATH = YES;
				SDKROOT = iphoneos;
				SWIFT_COMPILATION_MODE = wholemodule;
				VALIDATE_PRODUCT = YES;
			};
			name = Release;
		};
		CA0D3E3E2B406B2B004823C3 /* Debug */ = {
			isa = XCBuildConfiguration;
			buildSettings = {
				ASSETCATALOG_COMPILER_APPICON_NAME = AppIcon;
				ASSETCATALOG_COMPILER_GLOBAL_ACCENT_COLOR_NAME = AccentColor;
				CODE_SIGN_STYLE = Automatic;
				CURRENT_PROJECT_VERSION = 1;
				GENERATE_INFOPLIST_FILE = YES;
				INFOPLIST_FILE = Ecom/Info.plist;
				INFOPLIST_KEY_UIApplicationSupportsIndirectInputEvents = YES;
				INFOPLIST_KEY_UILaunchStoryboardName = LaunchScreen;
				INFOPLIST_KEY_UIMainStoryboardFile = Main;
				INFOPLIST_KEY_UISupportedInterfaceOrientations_iPad = "UIInterfaceOrientationPortrait UIInterfaceOrientationPortraitUpsideDown UIInterfaceOrientationLandscapeLeft UIInterfaceOrientationLandscapeRight";
				INFOPLIST_KEY_UISupportedInterfaceOrientations_iPhone = "UIInterfaceOrientationPortrait UIInterfaceOrientationLandscapeLeft UIInterfaceOrientationLandscapeRight";
				LD_RUNPATH_SEARCH_PATHS = (
					"$(inherited)",
					"@executable_path/Frameworks",
				);
				MARKETING_VERSION = 1.0;
				PRODUCT_BUNDLE_IDENTIFIER = ST.Ecom;
				PRODUCT_NAME = "$(TARGET_NAME)";
				SWIFT_EMIT_LOC_STRINGS = YES;
				SWIFT_VERSION = 5.0;
				TARGETED_DEVICE_FAMILY = "1,2";
			};
			name = Debug;
		};
		CA0D3E3F2B406B2B004823C3 /* Release */ = {
			isa = XCBuildConfiguration;
			buildSettings = {
				ASSETCATALOG_COMPILER_APPICON_NAME = AppIcon;
				ASSETCATALOG_COMPILER_GLOBAL_ACCENT_COLOR_NAME = AccentColor;
				CODE_SIGN_STYLE = Automatic;
				CURRENT_PROJECT_VERSION = 1;
				GENERATE_INFOPLIST_FILE = YES;
				INFOPLIST_FILE = Ecom/Info.plist;
				INFOPLIST_KEY_UIApplicationSupportsIndirectInputEvents = YES;
				INFOPLIST_KEY_UILaunchStoryboardName = LaunchScreen;
				INFOPLIST_KEY_UIMainStoryboardFile = Main;
				INFOPLIST_KEY_UISupportedInterfaceOrientations_iPad = "UIInterfaceOrientationPortrait UIInterfaceOrientationPortraitUpsideDown UIInterfaceOrientationLandscapeLeft UIInterfaceOrientationLandscapeRight";
				INFOPLIST_KEY_UISupportedInterfaceOrientations_iPhone = "UIInterfaceOrientationPortrait UIInterfaceOrientationLandscapeLeft UIInterfaceOrientationLandscapeRight";
				LD_RUNPATH_SEARCH_PATHS = (
					"$(inherited)",
					"@executable_path/Frameworks",
				);
				MARKETING_VERSION = 1.0;
				PRODUCT_BUNDLE_IDENTIFIER = ST.Ecom;
				PRODUCT_NAME = "$(TARGET_NAME)";
				SWIFT_EMIT_LOC_STRINGS = YES;
				SWIFT_VERSION = 5.0;
				TARGETED_DEVICE_FAMILY = "1,2";
			};
			name = Release;
		};
		CA0D3E412B406B2B004823C3 /* Debug */ = {
			isa = XCBuildConfiguration;
			buildSettings = {
				ALWAYS_EMBED_SWIFT_STANDARD_LIBRARIES = YES;
				BUNDLE_LOADER = "$(TEST_HOST)";
				CODE_SIGN_STYLE = Automatic;
				CURRENT_PROJECT_VERSION = 1;
				GENERATE_INFOPLIST_FILE = YES;
				IPHONEOS_DEPLOYMENT_TARGET = 17.2;
				MARKETING_VERSION = 1.0;
				PRODUCT_BUNDLE_IDENTIFIER = ST.EcomTests;
				PRODUCT_NAME = "$(TARGET_NAME)";
				SWIFT_EMIT_LOC_STRINGS = NO;
				SWIFT_VERSION = 5.0;
				TARGETED_DEVICE_FAMILY = "1,2";
				TEST_HOST = "$(BUILT_PRODUCTS_DIR)/Ecom.app/$(BUNDLE_EXECUTABLE_FOLDER_PATH)/Ecom";
			};
			name = Debug;
		};
		CA0D3E422B406B2B004823C3 /* Release */ = {
			isa = XCBuildConfiguration;
			buildSettings = {
				ALWAYS_EMBED_SWIFT_STANDARD_LIBRARIES = YES;
				BUNDLE_LOADER = "$(TEST_HOST)";
				CODE_SIGN_STYLE = Automatic;
				CURRENT_PROJECT_VERSION = 1;
				GENERATE_INFOPLIST_FILE = YES;
				IPHONEOS_DEPLOYMENT_TARGET = 17.2;
				MARKETING_VERSION = 1.0;
				PRODUCT_BUNDLE_IDENTIFIER = ST.EcomTests;
				PRODUCT_NAME = "$(TARGET_NAME)";
				SWIFT_EMIT_LOC_STRINGS = NO;
				SWIFT_VERSION = 5.0;
				TARGETED_DEVICE_FAMILY = "1,2";
				TEST_HOST = "$(BUILT_PRODUCTS_DIR)/Ecom.app/$(BUNDLE_EXECUTABLE_FOLDER_PATH)/Ecom";
			};
			name = Release;
		};
		CA0D3E442B406B2B004823C3 /* Debug */ = {
			isa = XCBuildConfiguration;
			buildSettings = {
				ALWAYS_EMBED_SWIFT_STANDARD_LIBRARIES = YES;
				CODE_SIGN_STYLE = Automatic;
				CURRENT_PROJECT_VERSION = 1;
				GENERATE_INFOPLIST_FILE = YES;
				MARKETING_VERSION = 1.0;
				PRODUCT_BUNDLE_IDENTIFIER = ST.EcomUITests;
				PRODUCT_NAME = "$(TARGET_NAME)";
				SWIFT_EMIT_LOC_STRINGS = NO;
				SWIFT_VERSION = 5.0;
				TARGETED_DEVICE_FAMILY = "1,2";
				TEST_TARGET_NAME = Ecom;
			};
			name = Debug;
		};
		CA0D3E452B406B2B004823C3 /* Release */ = {
			isa = XCBuildConfiguration;
			buildSettings = {
				ALWAYS_EMBED_SWIFT_STANDARD_LIBRARIES = YES;
				CODE_SIGN_STYLE = Automatic;
				CURRENT_PROJECT_VERSION = 1;
				GENERATE_INFOPLIST_FILE = YES;
				MARKETING_VERSION = 1.0;
				PRODUCT_BUNDLE_IDENTIFIER = ST.EcomUITests;
				PRODUCT_NAME = "$(TARGET_NAME)";
				SWIFT_EMIT_LOC_STRINGS = NO;
				SWIFT_VERSION = 5.0;
				TARGETED_DEVICE_FAMILY = "1,2";
				TEST_TARGET_NAME = Ecom;
			};
			name = Release;
		};
/* End XCBuildConfiguration section */

/* Begin XCConfigurationList section */
		CA0D3E0E2B406B2A004823C3 /* Build configuration list for PBXProject "Ecom" */ = {
			isa = XCConfigurationList;
			buildConfigurations = (
				CA0D3E3B2B406B2B004823C3 /* Debug */,
				CA0D3E3C2B406B2B004823C3 /* Release */,
			);
			defaultConfigurationIsVisible = 0;
			defaultConfigurationName = Release;
		};
		CA0D3E3D2B406B2B004823C3 /* Build configuration list for PBXNativeTarget "Ecom" */ = {
			isa = XCConfigurationList;
			buildConfigurations = (
				CA0D3E3E2B406B2B004823C3 /* Debug */,
				CA0D3E3F2B406B2B004823C3 /* Release */,
			);
			defaultConfigurationIsVisible = 0;
			defaultConfigurationName = Release;
		};
		CA0D3E402B406B2B004823C3 /* Build configuration list for PBXNativeTarget "EcomTests" */ = {
			isa = XCConfigurationList;
			buildConfigurations = (
				CA0D3E412B406B2B004823C3 /* Debug */,
				CA0D3E422B406B2B004823C3 /* Release */,
			);
			defaultConfigurationIsVisible = 0;
			defaultConfigurationName = Release;
		};
		CA0D3E432B406B2B004823C3 /* Build configuration list for PBXNativeTarget "EcomUITests" */ = {
			isa = XCConfigurationList;
			buildConfigurations = (
				CA0D3E442B406B2B004823C3 /* Debug */,
				CA0D3E452B406B2B004823C3 /* Release */,
			);
			defaultConfigurationIsVisible = 0;
			defaultConfigurationName = Release;
		};
/* End XCConfigurationList section */
	};
	rootObject = CA0D3E0B2B406B2A004823C3 /* Project object */;
}
